
Microsoft Visual Studio Solution File, Format Version 12.00
# Visual Studio Version 17
VisualStudioVersion = 17.6.33815.320
MinimumVisualStudioVersion = 10.0.40219.1
Project("{8BC9CEB8-8B4A-11D0-8D11-00A0C91BC942}") = "Maize", "Maize\Maize.vcxproj", "{CD98EF28-68E1-4CB6-9FD2-7EE8B136A017}"
EndProject
Project("{8BC9CEB8-8B4A-11D0-8D11-00A0C91BC942}") = "EntityComponentSystem", "Dependencies\EntityComponentSystem\EntityComponentSystem\EntityComponentSystem.vcxproj", "{2A6A9780-6208-42D6-806E-6CF197CB930F}"
EndProject
Global
	GlobalSection(SolutionConfigurationPlatforms) = preSolution
		Debug|x64 = Debug|x64
		MinSizeRel|x64 = MinSizeRel|x64
		Release|x64 = Release|x64
		RelWithDebInfo|x64 = RelWithDebInfo|x64
	EndGlobalSection
	GlobalSection(ProjectConfigurationPlatforms) = postSolution
		{CD98EF28-68E1-4CB6-9FD2-7EE8B136A017}.Debug|x64.ActiveCfg = Debug|x64
		{CD98EF28-68E1-4CB6-9FD2-7EE8B136A017}.Debug|x64.Build.0 = Debug|x64
		{CD98EF28-68E1-4CB6-9FD2-7EE8B136A017}.MinSizeRel|x64.ActiveCfg = Release|x64
		{CD98EF28-68E1-4CB6-9FD2-7EE8B136A017}.MinSizeRel|x64.Build.0 = Release|x64
		{CD98EF28-68E1-4CB6-9FD2-7EE8B136A017}.Release|x64.ActiveCfg = Release|x64
		{CD98EF28-68E1-4CB6-9FD2-7EE8B136A017}.Release|x64.Build.0 = Release|x64
		{CD98EF28-68E1-4CB6-9FD2-7EE8B136A017}.RelWithDebInfo|x64.ActiveCfg = Release|x64
		{CD98EF28-68E1-4CB6-9FD2-7EE8B136A017}.RelWithDebInfo|x64.Build.0 = Release|x64
		{2A6A9780-6208-42D6-806E-6CF197CB930F}.Debug|x64.ActiveCfg = Debug|x64
		{2A6A9780-6208-42D6-806E-6CF197CB930F}.Debug|x64.Build.0 = Debug|x64
		{2A6A9780-6208-42D6-806E-6CF197CB930F}.MinSizeRel|x64.ActiveCfg = Release|x64
		{2A6A9780-6208-42D6-806E-6CF197CB930F}.MinSizeRel|x64.Build.0 = Release|x64
		{2A6A9780-6208-42D6-806E-6CF197CB930F}.Release|x64.ActiveCfg = Release|x64
		{2A6A9780-6208-42D6-806E-6CF197CB930F}.Release|x64.Build.0 = Release|x64
		{2A6A9780-6208-42D6-806E-6CF197CB930F}.RelWithDebInfo|x64.ActiveCfg = Release|x64
		{2A6A9780-6208-42D6-806E-6CF197CB930F}.RelWithDebInfo|x64.Build.0 = Release|x64
	EndGlobalSection
	GlobalSection(SolutionProperties) = preSolution
		HideSolutionNode = FALSE
	EndGlobalSection
	GlobalSection(ExtensibilityGlobals) = postSolution
		SolutionGuid = {6E05053E-F847-4591-AB35-1A91592C7AEB}
	EndGlobalSection
EndGlobal
